
Microsoft Visual Studio Solution File, Format Version 12.00
# Visual Studio Version 16
VisualStudioVersion = 16.0.33130.400
MinimumVisualStudioVersion = 10.0.40219.1
Project("{FAE04EC0-301F-11D3-BF4B-00C04F79EFBC}") = "mvcwithAdoCRUD", "mvcwithado\mvcwithAdoCRUD.csproj", "{2F5D4824-DBE1-4790-A6A9-106C1AAD21FD}"
EndProject
Global
	GlobalSection(SolutionConfigurationPlatforms) = preSolution
		Debug|Any CPU = Debug|Any CPU
		Release|Any CPU = Release|Any CPU
	EndGlobalSection
	GlobalSection(ProjectConfigurationPlatforms) = postSolution
		{2F5D4824-DBE1-4790-A6A9-106C1AAD21FD}.Debug|Any CPU.ActiveCfg = Debug|Any CPU
		{2F5D4824-DBE1-4790-A6A9-106C1AAD21FD}.Debug|Any CPU.Build.0 = Debug|Any CPU
		{2F5D4824-DBE1-4790-A6A9-106C1AAD21FD}.Release|Any CPU.ActiveCfg = Release|Any CPU
		{2F5D4824-DBE1-4790-A6A9-106C1AAD21FD}.Release|Any CPU.Build.0 = Release|Any CPU
	EndGlobalSection
	GlobalSection(SolutionProperties) = preSolution
		HideSolutionNode = FALSE
	EndGlobalSection
	GlobalSection(ExtensibilityGlobals) = postSolution
		SolutionGuid = {5881E053-F4EE-45BF-A94F-89266D1DE5FF}
	EndGlobalSection
EndGlobal
